// !$*UTF8*$!
{
	archiveVersion = 1;
	classes = {
	};
	objectVersion = 46;
	objects = {

/* Begin PBXBuildFile section */
		8A2E3CF8161AF60F0065D459 /* UIKit.framework in Frameworks */ = {isa = PBXBuildFile; fileRef = 8A2E3CF7161AF60F0065D459 /* UIKit.framework */; };
		8A2E3CFA161AF60F0065D459 /* Foundation.framework in Frameworks */ = {isa = PBXBuildFile; fileRef = 8A2E3CF9161AF60F0065D459 /* Foundation.framework */; };
		8A2E3CFC161AF60F0065D459 /* CoreGraphics.framework in Frameworks */ = {isa = PBXBuildFile; fileRef = 8A2E3CFB161AF60F0065D459 /* CoreGraphics.framework */; };
		8A2E3D02161AF60F0065D459 /* InfoPlist.strings in Resources */ = {isa = PBXBuildFile; fileRef = 8A2E3D00161AF60F0065D459 /* InfoPlist.strings */; };
		8A2E3D04161AF60F0065D459 /* main.m in Sources */ = {isa = PBXBuildFile; fileRef = 8A2E3D03161AF60F0065D459 /* main.m */; };
		8A2E3D08161AF60F0065D459 /* AppDelegate.m in Sources */ = {isa = PBXBuildFile; fileRef = 8A2E3D07161AF60F0065D459 /* AppDelegate.m */; };
		8A2E3D0A161AF60F0065D459 /* Default.png in Resources */ = {isa = PBXBuildFile; fileRef = 8A2E3D09161AF60F0065D459 /* Default.png */; };
		8A2E3D0C161AF60F0065D459 /* Default@2x.png in Resources */ = {isa = PBXBuildFile; fileRef = 8A2E3D0B161AF60F0065D459 /* Default@2x.png */; };
		8A2E3D0E161AF60F0065D459 /* Default-568h@2x.png in Resources */ = {isa = PBXBuildFile; fileRef = 8A2E3D0D161AF60F0065D459 /* Default-568h@2x.png */; };
		8A2E3D11161AF60F0065D459 /* MainStoryboard.storyboard in Resources */ = {isa = PBXBuildFile; fileRef = 8A2E3D0F161AF60F0065D459 /* MainStoryboard.storyboard */; };
		8A2E3D14161AF60F0065D459 /* ViewController.m in Sources */ = {isa = PBXBuildFile; fileRef = 8A2E3D13161AF60F0065D459 /* ViewController.m */; };
		8A47A1841626BB8E00A162B8 /* CarouselViewController.m in Sources */ = {isa = PBXBuildFile; fileRef = 8A47A1831626BB8E00A162B8 /* CarouselViewController.m */; };
		8A47A18B1626BD4F00A162B8 /* QuartzCore.framework in Frameworks */ = {isa = PBXBuildFile; fileRef = 8A47A18A1626BD4F00A162B8 /* QuartzCore.framework */; };
		8A47A18E1626BE1300A162B8 /* iCarousel.m in Sources */ = {isa = PBXBuildFile; fileRef = 8A47A18D1626BE1300A162B8 /* iCarousel.m */; };
		8A47A1971626C79500A162B8 /* Bear.png in Resources */ = {isa = PBXBuildFile; fileRef = 8A47A1901626C79500A162B8 /* Bear.png */; };
		8A47A1981626C79500A162B8 /* Birds.png in Resources */ = {isa = PBXBuildFile; fileRef = 8A47A1911626C79500A162B8 /* Birds.png */; };
		8A47A1991626C79500A162B8 /* Chimp.png in Resources */ = {isa = PBXBuildFile; fileRef = 8A47A1921626C79500A162B8 /* Chimp.png */; };
		8A47A19A1626C79500A162B8 /* Giraffe.png in Resources */ = {isa = PBXBuildFile; fileRef = 8A47A1931626C79500A162B8 /* Giraffe.png */; };
		8A47A19B1626C79500A162B8 /* Goat.png in Resources */ = {isa = PBXBuildFile; fileRef = 8A47A1941626C79500A162B8 /* Goat.png */; };
		8A47A19C1626C79500A162B8 /* Tiger.png in Resources */ = {isa = PBXBuildFile; fileRef = 8A47A1951626C79500A162B8 /* Tiger.png */; };
		8A47A19D1626C79500A162B8 /* Zebra.png in Resources */ = {isa = PBXBuildFile; fileRef = 8A47A1961626C79500A162B8 /* Zebra.png */; };
		AD6C1EC1164D090D000D1F8F /* TabBarPageViewController.m in Sources */ = {isa = PBXBuildFile; fileRef = AD6C1EC0164D090D000D1F8F /* TabBarPageViewController.m */; };
		AD6C1EC5164D092E000D1F8F /* Widget.m in Sources */ = {isa = PBXBuildFile; fileRef = AD6C1EC4164D092E000D1F8F /* Widget.m */; };
		AD6C1EC8164D1E41000D1F8F /* DynamicTabBarViewController.m in Sources */ = {isa = PBXBuildFile; fileRef = AD6C1EC7164D1E41000D1F8F /* DynamicTabBarViewController.m */; };
		AD6C1ED3164D396F000D1F8F /* APILibrary.m in Sources */ = {isa = PBXBuildFile; fileRef = AD6C1ED2164D396F000D1F8F /* APILibrary.m */; };
		ADD1D5D916550028003C716A /* TemperatureWidget.m in Sources */ = {isa = PBXBuildFile; fileRef = ADD1D5D816550028003C716A /* TemperatureWidget.m */; };
		B0A03AAE165E391B009C405A /* iiViewController.m in Sources */ = {isa = PBXBuildFile; fileRef = B0A03AAD165E391B009C405A /* iiViewController.m */; };
/* End PBXBuildFile section */

/* Begin PBXFileReference section */
		8A2E3CF3161AF60F0065D459 /* webservice test.app */ = {isa = PBXFileReference; explicitFileType = wrapper.application; includeInIndex = 0; path = "webservice test.app"; sourceTree = BUILT_PRODUCTS_DIR; };
		8A2E3CF7161AF60F0065D459 /* UIKit.framework */ = {isa = PBXFileReference; lastKnownFileType = wrapper.framework; name = UIKit.framework; path = System/Library/Frameworks/UIKit.framework; sourceTree = SDKROOT; };
		8A2E3CF9161AF60F0065D459 /* Foundation.framework */ = {isa = PBXFileReference; lastKnownFileType = wrapper.framework; name = Foundation.framework; path = System/Library/Frameworks/Foundation.framework; sourceTree = SDKROOT; };
		8A2E3CFB161AF60F0065D459 /* CoreGraphics.framework */ = {isa = PBXFileReference; lastKnownFileType = wrapper.framework; name = CoreGraphics.framework; path = System/Library/Frameworks/CoreGraphics.framework; sourceTree = SDKROOT; };
		8A2E3CFF161AF60F0065D459 /* webservice test-Info.plist */ = {isa = PBXFileReference; lastKnownFileType = text.plist.xml; path = "webservice test-Info.plist"; sourceTree = "<group>"; };
		8A2E3D01161AF60F0065D459 /* en */ = {isa = PBXFileReference; lastKnownFileType = text.plist.strings; name = en; path = en.lproj/InfoPlist.strings; sourceTree = "<group>"; };
		8A2E3D03161AF60F0065D459 /* main.m */ = {isa = PBXFileReference; lastKnownFileType = sourcecode.c.objc; path = main.m; sourceTree = "<group>"; };
		8A2E3D05161AF60F0065D459 /* webservice test-Prefix.pch */ = {isa = PBXFileReference; lastKnownFileType = sourcecode.c.h; path = "webservice test-Prefix.pch"; sourceTree = "<group>"; };
		8A2E3D06161AF60F0065D459 /* AppDelegate.h */ = {isa = PBXFileReference; lastKnownFileType = sourcecode.c.h; path = AppDelegate.h; sourceTree = "<group>"; };
		8A2E3D07161AF60F0065D459 /* AppDelegate.m */ = {isa = PBXFileReference; lastKnownFileType = sourcecode.c.objc; path = AppDelegate.m; sourceTree = "<group>"; };
		8A2E3D09161AF60F0065D459 /* Default.png */ = {isa = PBXFileReference; lastKnownFileType = image.png; path = Default.png; sourceTree = "<group>"; };
		8A2E3D0B161AF60F0065D459 /* Default@2x.png */ = {isa = PBXFileReference; lastKnownFileType = image.png; path = "Default@2x.png"; sourceTree = "<group>"; };
		8A2E3D0D161AF60F0065D459 /* Default-568h@2x.png */ = {isa = PBXFileReference; lastKnownFileType = image.png; path = "Default-568h@2x.png"; sourceTree = "<group>"; };
		8A2E3D10161AF60F0065D459 /* en */ = {isa = PBXFileReference; lastKnownFileType = file.storyboard; name = en; path = en.lproj/MainStoryboard.storyboard; sourceTree = "<group>"; };
		8A2E3D12161AF60F0065D459 /* ViewController.h */ = {isa = PBXFileReference; lastKnownFileType = sourcecode.c.h; path = ViewController.h; sourceTree = "<group>"; };
		8A2E3D13161AF60F0065D459 /* ViewController.m */ = {isa = PBXFileReference; lastKnownFileType = sourcecode.c.objc; path = ViewController.m; sourceTree = "<group>"; };
		8A47A1821626BB8E00A162B8 /* CarouselViewController.h */ = {isa = PBXFileReference; fileEncoding = 4; lastKnownFileType = sourcecode.c.h; path = CarouselViewController.h; sourceTree = "<group>"; };
		8A47A1831626BB8E00A162B8 /* CarouselViewController.m */ = {isa = PBXFileReference; fileEncoding = 4; lastKnownFileType = sourcecode.c.objc; path = CarouselViewController.m; sourceTree = "<group>"; };
		8A47A18A1626BD4F00A162B8 /* QuartzCore.framework */ = {isa = PBXFileReference; lastKnownFileType = wrapper.framework; name = QuartzCore.framework; path = System/Library/Frameworks/QuartzCore.framework; sourceTree = SDKROOT; };
		8A47A18C1626BE1300A162B8 /* iCarousel.h */ = {isa = PBXFileReference; fileEncoding = 4; lastKnownFileType = sourcecode.c.h; path = iCarousel.h; sourceTree = "<group>"; };
		8A47A18D1626BE1300A162B8 /* iCarousel.m */ = {isa = PBXFileReference; fileEncoding = 4; lastKnownFileType = sourcecode.c.objc; path = iCarousel.m; sourceTree = "<group>"; };
		8A47A1901626C79500A162B8 /* Bear.png */ = {isa = PBXFileReference; lastKnownFileType = image.png; path = Bear.png; sourceTree = "<group>"; };
		8A47A1911626C79500A162B8 /* Birds.png */ = {isa = PBXFileReference; lastKnownFileType = image.png; path = Birds.png; sourceTree = "<group>"; };
		8A47A1921626C79500A162B8 /* Chimp.png */ = {isa = PBXFileReference; lastKnownFileType = image.png; path = Chimp.png; sourceTree = "<group>"; };
		8A47A1931626C79500A162B8 /* Giraffe.png */ = {isa = PBXFileReference; lastKnownFileType = image.png; path = Giraffe.png; sourceTree = "<group>"; };
		8A47A1941626C79500A162B8 /* Goat.png */ = {isa = PBXFileReference; lastKnownFileType = image.png; path = Goat.png; sourceTree = "<group>"; };
		8A47A1951626C79500A162B8 /* Tiger.png */ = {isa = PBXFileReference; lastKnownFileType = image.png; path = Tiger.png; sourceTree = "<group>"; };
		8A47A1961626C79500A162B8 /* Zebra.png */ = {isa = PBXFileReference; lastKnownFileType = image.png; path = Zebra.png; sourceTree = "<group>"; };
		AD6C1EBF164D090D000D1F8F /* TabBarPageViewController.h */ = {isa = PBXFileReference; fileEncoding = 4; lastKnownFileType = sourcecode.c.h; path = TabBarPageViewController.h; sourceTree = "<group>"; };
		AD6C1EC0164D090D000D1F8F /* TabBarPageViewController.m */ = {isa = PBXFileReference; fileEncoding = 4; lastKnownFileType = sourcecode.c.objc; path = TabBarPageViewController.m; sourceTree = "<group>"; };
		AD6C1EC3164D092E000D1F8F /* Widget.h */ = {isa = PBXFileReference; fileEncoding = 4; lastKnownFileType = sourcecode.c.h; path = Widget.h; sourceTree = "<group>"; };
		AD6C1EC4164D092E000D1F8F /* Widget.m */ = {isa = PBXFileReference; fileEncoding = 4; lastKnownFileType = sourcecode.c.objc; path = Widget.m; sourceTree = "<group>"; };
		AD6C1EC6164D1E41000D1F8F /* DynamicTabBarViewController.h */ = {isa = PBXFileReference; fileEncoding = 4; lastKnownFileType = sourcecode.c.h; path = DynamicTabBarViewController.h; sourceTree = "<group>"; };
		AD6C1EC7164D1E41000D1F8F /* DynamicTabBarViewController.m */ = {isa = PBXFileReference; fileEncoding = 4; lastKnownFileType = sourcecode.c.objc; path = DynamicTabBarViewController.m; sourceTree = "<group>"; };
		AD6C1ED1164D396F000D1F8F /* APILibrary.h */ = {isa = PBXFileReference; fileEncoding = 4; lastKnownFileType = sourcecode.c.h; path = APILibrary.h; sourceTree = "<group>"; };
		AD6C1ED2164D396F000D1F8F /* APILibrary.m */ = {isa = PBXFileReference; fileEncoding = 4; lastKnownFileType = sourcecode.c.objc; path = APILibrary.m; sourceTree = "<group>"; };
		ADD1D5D716550028003C716A /* TemperatureWidget.h */ = {isa = PBXFileReference; fileEncoding = 4; lastKnownFileType = sourcecode.c.h; path = TemperatureWidget.h; sourceTree = "<group>"; };
		ADD1D5D816550028003C716A /* TemperatureWidget.m */ = {isa = PBXFileReference; fileEncoding = 4; lastKnownFileType = sourcecode.c.objc; path = TemperatureWidget.m; sourceTree = "<group>"; };
		B0A03AAC165E391B009C405A /* iiViewController.h */ = {isa = PBXFileReference; fileEncoding = 4; lastKnownFileType = sourcecode.c.h; path = iiViewController.h; sourceTree = "<group>"; };
		B0A03AAD165E391B009C405A /* iiViewController.m */ = {isa = PBXFileReference; fileEncoding = 4; lastKnownFileType = sourcecode.c.objc; path = iiViewController.m; sourceTree = "<group>"; };
/* End PBXFileReference section */

/* Begin PBXFrameworksBuildPhase section */
		8A2E3CF0161AF60F0065D459 /* Frameworks */ = {
			isa = PBXFrameworksBuildPhase;
			buildActionMask = 2147483647;
			files = (
				8A47A18B1626BD4F00A162B8 /* QuartzCore.framework in Frameworks */,
				8A2E3CF8161AF60F0065D459 /* UIKit.framework in Frameworks */,
				8A2E3CFA161AF60F0065D459 /* Foundation.framework in Frameworks */,
				8A2E3CFC161AF60F0065D459 /* CoreGraphics.framework in Frameworks */,
			);
			runOnlyForDeploymentPostprocessing = 0;
		};
/* End PBXFrameworksBuildPhase section */

/* Begin PBXGroup section */
		8A2E3CE8161AF60F0065D459 = {
			isa = PBXGroup;
			children = (
				8A47A18A1626BD4F00A162B8 /* QuartzCore.framework */,
				8A2E3CFD161AF60F0065D459 /* webservice test */,
				8A2E3CF6161AF60F0065D459 /* Frameworks */,
				8A2E3CF4161AF60F0065D459 /* Products */,
			);
			sourceTree = "<group>";
		};
		8A2E3CF4161AF60F0065D459 /* Products */ = {
			isa = PBXGroup;
			children = (
				8A2E3CF3161AF60F0065D459 /* webservice test.app */,
			);
			name = Products;
			sourceTree = "<group>";
		};
		8A2E3CF6161AF60F0065D459 /* Frameworks */ = {
			isa = PBXGroup;
			children = (
				8A2E3CF7161AF60F0065D459 /* UIKit.framework */,
				8A2E3CF9161AF60F0065D459 /* Foundation.framework */,
				8A2E3CFB161AF60F0065D459 /* CoreGraphics.framework */,
			);
			name = Frameworks;
			sourceTree = "<group>";
		};
		8A2E3CFD161AF60F0065D459 /* webservice test */ = {
			isa = PBXGroup;
			children = (
				8A47A18F1626C77F00A162B8 /* Resources */,
				8A47A1AA1626DAE500A162B8 /* iCarousel */,
				ADD1D5DA16550039003C716A /* Widgets */,
				8A2E3D06161AF60F0065D459 /* AppDelegate.h */,
				8A2E3D07161AF60F0065D459 /* AppDelegate.m */,
				8A47A1831626BB8E00A162B8 /* CarouselViewController.m */,
				8A2E3D0F161AF60F0065D459 /* MainStoryboard.storyboard */,
				B0A03AAC165E391B009C405A /* iiViewController.h */,
				B0A03AAD165E391B009C405A /* iiViewController.m */,
				8A47A1821626BB8E00A162B8 /* CarouselViewController.h */,
				8A2E3D12161AF60F0065D459 /* ViewController.h */,
				8A2E3D13161AF60F0065D459 /* ViewController.m */,
				AD6C1EBF164D090D000D1F8F /* TabBarPageViewController.h */,
				AD6C1EC0164D090D000D1F8F /* TabBarPageViewController.m */,
				AD6C1EC6164D1E41000D1F8F /* DynamicTabBarViewController.h */,
				AD6C1EC7164D1E41000D1F8F /* DynamicTabBarViewController.m */,
				AD6C1ED1164D396F000D1F8F /* APILibrary.h */,
				AD6C1ED2164D396F000D1F8F /* APILibrary.m */,
				8A2E3CFE161AF60F0065D459 /* Supporting Files */,
			);
			path = "webservice test";
			sourceTree = "<group>";
		};
		8A2E3CFE161AF60F0065D459 /* Supporting Files */ = {
			isa = PBXGroup;
			children = (
				8A2E3CFF161AF60F0065D459 /* webservice test-Info.plist */,
				8A2E3D00161AF60F0065D459 /* InfoPlist.strings */,
				8A2E3D03161AF60F0065D459 /* main.m */,
				8A2E3D05161AF60F0065D459 /* webservice test-Prefix.pch */,
				8A2E3D09161AF60F0065D459 /* Default.png */,
				8A2E3D0B161AF60F0065D459 /* Default@2x.png */,
				8A2E3D0D161AF60F0065D459 /* Default-568h@2x.png */,
			);
			name = "Supporting Files";
			sourceTree = "<group>";
		};
		8A47A18F1626C77F00A162B8 /* Resources */ = {
			isa = PBXGroup;
			children = (
				8A47A1901626C79500A162B8 /* Bear.png */,
				8A47A1911626C79500A162B8 /* Birds.png */,
				8A47A1921626C79500A162B8 /* Chimp.png */,
				8A47A1931626C79500A162B8 /* Giraffe.png */,
				8A47A1941626C79500A162B8 /* Goat.png */,
				8A47A1951626C79500A162B8 /* Tiger.png */,
				8A47A1961626C79500A162B8 /* Zebra.png */,
			);
			name = Resources;
			sourceTree = "<group>";
		};
		8A47A1AA1626DAE500A162B8 /* iCarousel */ = {
			isa = PBXGroup;
			children = (
				8A47A18C1626BE1300A162B8 /* iCarousel.h */,
				8A47A18D1626BE1300A162B8 /* iCarousel.m */,
			);
			name = iCarousel;
			sourceTree = "<group>";
		};
		ADD1D5DA16550039003C716A /* Widgets */ = {
			isa = PBXGroup;
			children = (
				AD6C1EC3164D092E000D1F8F /* Widget.h */,
				AD6C1EC4164D092E000D1F8F /* Widget.m */,
				ADD1D5D716550028003C716A /* TemperatureWidget.h */,
				ADD1D5D816550028003C716A /* TemperatureWidget.m */,
			);
			name = Widgets;
			sourceTree = "<group>";
		};
/* End PBXGroup section */

/* Begin PBXNativeTarget section */
		8A2E3CF2161AF60F0065D459 /* webservice test */ = {
			isa = PBXNativeTarget;
			buildConfigurationList = 8A2E3D17161AF60F0065D459 /* Build configuration list for PBXNativeTarget "webservice test" */;
			buildPhases = (
				8A2E3CEF161AF60F0065D459 /* Sources */,
				8A2E3CF0161AF60F0065D459 /* Frameworks */,
				8A2E3CF1161AF60F0065D459 /* Resources */,
			);
			buildRules = (
			);
			dependencies = (
			);
			name = "webservice test";
			productName = "webservice test";
			productReference = 8A2E3CF3161AF60F0065D459 /* webservice test.app */;
			productType = "com.apple.product-type.application";
		};
/* End PBXNativeTarget section */

/* Begin PBXProject section */
		8A2E3CEA161AF60F0065D459 /* Project object */ = {
			isa = PBXProject;
			attributes = {
				LastUpgradeCheck = 0450;
				ORGANIZATIONNAME = "Luc Rosenbrand";
			};
			buildConfigurationList = 8A2E3CED161AF60F0065D459 /* Build configuration list for PBXProject "webservice test" */;
			compatibilityVersion = "Xcode 3.2";
			developmentRegion = English;
			hasScannedForEncodings = 0;
			knownRegions = (
				en,
			);
			mainGroup = 8A2E3CE8161AF60F0065D459;
			productRefGroup = 8A2E3CF4161AF60F0065D459 /* Products */;
			projectDirPath = "";
			projectRoot = "";
			targets = (
				8A2E3CF2161AF60F0065D459 /* webservice test */,
			);
		};
/* End PBXProject section */

/* Begin PBXResourcesBuildPhase section */
		8A2E3CF1161AF60F0065D459 /* Resources */ = {
			isa = PBXResourcesBuildPhase;
			buildActionMask = 2147483647;
			files = (
				8A2E3D02161AF60F0065D459 /* InfoPlist.strings in Resources */,
				8A2E3D0A161AF60F0065D459 /* Default.png in Resources */,
				8A2E3D0C161AF60F0065D459 /* Default@2x.png in Resources */,
				8A2E3D0E161AF60F0065D459 /* Default-568h@2x.png in Resources */,
				8A2E3D11161AF60F0065D459 /* MainStoryboard.storyboard in Resources */,
				8A47A1971626C79500A162B8 /* Bear.png in Resources */,
				8A47A1981626C79500A162B8 /* Birds.png in Resources */,
				8A47A1991626C79500A162B8 /* Chimp.png in Resources */,
				8A47A19A1626C79500A162B8 /* Giraffe.png in Resources */,
				8A47A19B1626C79500A162B8 /* Goat.png in Resources */,
				8A47A19C1626C79500A162B8 /* Tiger.png in Resources */,
				8A47A19D1626C79500A162B8 /* Zebra.png in Resources */,
			);
			runOnlyForDeploymentPostprocessing = 0;
		};
/* End PBXResourcesBuildPhase section */

/* Begin PBXSourcesBuildPhase section */
		8A2E3CEF161AF60F0065D459 /* Sources */ = {
			isa = PBXSourcesBuildPhase;
			buildActionMask = 2147483647;
			files = (
				8A2E3D04161AF60F0065D459 /* main.m in Sources */,
				8A2E3D08161AF60F0065D459 /* AppDelegate.m in Sources */,
				8A2E3D14161AF60F0065D459 /* ViewController.m in Sources */,
				8A47A1841626BB8E00A162B8 /* CarouselViewController.m in Sources */,
				8A47A18E1626BE1300A162B8 /* iCarousel.m in Sources */,
				AD6C1EC1164D090D000D1F8F /* TabBarPageViewController.m in Sources */,
				AD6C1EC5164D092E000D1F8F /* Widget.m in Sources */,
				AD6C1EC8164D1E41000D1F8F /* DynamicTabBarViewController.m in Sources */,
				AD6C1ED3164D396F000D1F8F /* APILibrary.m in Sources */,
				ADD1D5D916550028003C716A /* TemperatureWidget.m in Sources */,
				B0A03AAE165E391B009C405A /* iiViewController.m in Sources */,
			);
			runOnlyForDeploymentPostprocessing = 0;
		};
/* End PBXSourcesBuildPhase section */

/* Begin PBXVariantGroup section */
		8A2E3D00161AF60F0065D459 /* InfoPlist.strings */ = {
			isa = PBXVariantGroup;
			children = (
				8A2E3D01161AF60F0065D459 /* en */,
			);
			name = InfoPlist.strings;
			sourceTree = "<group>";
		};
		8A2E3D0F161AF60F0065D459 /* MainStoryboard.storyboard */ = {
			isa = PBXVariantGroup;
			children = (
				8A2E3D10161AF60F0065D459 /* en */,
			);
			name = MainStoryboard.storyboard;
			sourceTree = "<group>";
		};
/* End PBXVariantGroup section */

/* Begin XCBuildConfiguration section */
		8A2E3D15161AF60F0065D459 /* Debug */ = {
			isa = XCBuildConfiguration;
			buildSettings = {
				ALWAYS_SEARCH_USER_PATHS = NO;
				CLANG_CXX_LANGUAGE_STANDARD = "gnu++0x";
				CLANG_CXX_LIBRARY = "libc++";
				CLANG_ENABLE_OBJC_ARC = YES;
				CLANG_WARN_EMPTY_BODY = YES;
				CLANG_WARN__DUPLICATE_METHOD_MATCH = YES;
				"CODE_SIGN_IDENTITY[sdk=iphoneos*]" = "iPhone Developer";
				COPY_PHASE_STRIP = NO;
				GCC_C_LANGUAGE_STANDARD = gnu99;
				GCC_DYNAMIC_NO_PIC = NO;
				GCC_OPTIMIZATION_LEVEL = 0;
				GCC_PREPROCESSOR_DEFINITIONS = (
					"DEBUG=1",
					"$(inherited)",
				);
				GCC_SYMBOLS_PRIVATE_EXTERN = NO;
				GCC_WARN_ABOUT_RETURN_TYPE = YES;
				GCC_WARN_UNINITIALIZED_AUTOS = YES;
				GCC_WARN_UNUSED_VARIABLE = YES;
				IPHONEOS_DEPLOYMENT_TARGET = 6.0;
				SDKROOT = iphoneos;
				TARGETED_DEVICE_FAMILY = 2;
			};
			name = Debug;
		};
		8A2E3D16161AF60F0065D459 /* Release */ = {
			isa = XCBuildConfiguration;
			buildSettings = {
				ALWAYS_SEARCH_USER_PATHS = NO;
				CLANG_CXX_LANGUAGE_STANDARD = "gnu++0x";
				CLANG_CXX_LIBRARY = "libc++";
				CLANG_ENABLE_OBJC_ARC = YES;
				CLANG_WARN_EMPTY_BODY = YES;
				CLANG_WARN__DUPLICATE_METHOD_MATCH = YES;
				"CODE_SIGN_IDENTITY[sdk=iphoneos*]" = "iPhone Developer";
				COPY_PHASE_STRIP = YES;
				GCC_C_LANGUAGE_STANDARD = gnu99;
				GCC_WARN_ABOUT_RETURN_TYPE = YES;
				GCC_WARN_UNINITIALIZED_AUTOS = YES;
				GCC_WARN_UNUSED_VARIABLE = YES;
				IPHONEOS_DEPLOYMENT_TARGET = 6.0;
				OTHER_CFLAGS = "-DNS_BLOCK_ASSERTIONS=1";
				SDKROOT = iphoneos;
				TARGETED_DEVICE_FAMILY = 2;
				VALIDATE_PRODUCT = YES;
			};
			name = Release;
		};
		8A2E3D18161AF60F0065D459 /* Debug */ = {
			isa = XCBuildConfiguration;
			buildSettings = {
				GCC_PRECOMPILE_PREFIX_HEADER = YES;
				GCC_PREFIX_HEADER = "webservice test/webservice test-Prefix.pch";
				INFOPLIST_FILE = "webservice test/webservice test-Info.plist";
				IPHONEOS_DEPLOYMENT_TARGET = 5.0;
				PRODUCT_NAME = "$(TARGET_NAME)";
				WRAPPER_EXTENSION = app;
			};
			name = Debug;
		};
		8A2E3D19161AF60F0065D459 /* Release */ = {
			isa = XCBuildConfiguration;
			buildSettings = {
				GCC_PRECOMPILE_PREFIX_HEADER = YES;
				GCC_PREFIX_HEADER = "webservice test/webservice test-Prefix.pch";
				INFOPLIST_FILE = "webservice test/webservice test-Info.plist";
				IPHONEOS_DEPLOYMENT_TARGET = 5.0;
				PRODUCT_NAME = "$(TARGET_NAME)";
				WRAPPER_EXTENSION = app;
			};
			name = Release;
		};
/* End XCBuildConfiguration section */

/* Begin XCConfigurationList section */
		8A2E3CED161AF60F0065D459 /* Build configuration list for PBXProject "webservice test" */ = {
			isa = XCConfigurationList;
			buildConfigurations = (
				8A2E3D15161AF60F0065D459 /* Debug */,
				8A2E3D16161AF60F0065D459 /* Release */,
			);
			defaultConfigurationIsVisible = 0;
			defaultConfigurationName = Release;
		};
		8A2E3D17161AF60F0065D459 /* Build configuration list for PBXNativeTarget "webservice test" */ = {
			isa = XCConfigurationList;
			buildConfigurations = (
				8A2E3D18161AF60F0065D459 /* Debug */,
				8A2E3D19161AF60F0065D459 /* Release */,
			);
			defaultConfigurationIsVisible = 0;
			defaultConfigurationName = Release;
		};
/* End XCConfigurationList section */
	};
	rootObject = 8A2E3CEA161AF60F0065D459 /* Project object */;
}
