// !$*UTF8*$!
{
	archiveVersion = 1;
	classes = {
	};
	objectVersion = 46;
	objects = {

/* Begin PBXBuildFile section */
		AA5B80DE164D3D51003F0FF9 /* UIKit.framework in Frameworks */ = {isa = PBXBuildFile; fileRef = AA5B80DD164D3D51003F0FF9 /* UIKit.framework */; };
		AA5B80E0164D3D51003F0FF9 /* Foundation.framework in Frameworks */ = {isa = PBXBuildFile; fileRef = AA5B80DF164D3D51003F0FF9 /* Foundation.framework */; };
		AA5B80E2164D3D51003F0FF9 /* CoreGraphics.framework in Frameworks */ = {isa = PBXBuildFile; fileRef = AA5B80E1164D3D51003F0FF9 /* CoreGraphics.framework */; };
		AA5B80E8164D3D51003F0FF9 /* InfoPlist.strings in Resources */ = {isa = PBXBuildFile; fileRef = AA5B80E6164D3D51003F0FF9 /* InfoPlist.strings */; };
		AA5B80EA164D3D51003F0FF9 /* main.m in Sources */ = {isa = PBXBuildFile; fileRef = AA5B80E9164D3D51003F0FF9 /* main.m */; };
		AA5B80EE164D3D51003F0FF9 /* AppDelegate.m in Sources */ = {isa = PBXBuildFile; fileRef = AA5B80ED164D3D51003F0FF9 /* AppDelegate.m */; };
		AA5B80F0164D3D51003F0FF9 /* Default.png in Resources */ = {isa = PBXBuildFile; fileRef = AA5B80EF164D3D51003F0FF9 /* Default.png */; };
		AA5B80F2164D3D51003F0FF9 /* Default@2x.png in Resources */ = {isa = PBXBuildFile; fileRef = AA5B80F1164D3D51003F0FF9 /* Default@2x.png */; };
		AA5B80F4164D3D51003F0FF9 /* Default-568h@2x.png in Resources */ = {isa = PBXBuildFile; fileRef = AA5B80F3164D3D51003F0FF9 /* Default-568h@2x.png */; };
		AA5B80F7164D3D51003F0FF9 /* MainStoryboard.storyboard in Resources */ = {isa = PBXBuildFile; fileRef = AA5B80F5164D3D51003F0FF9 /* MainStoryboard.storyboard */; };
		AA5B80FA164D3D51003F0FF9 /* ViewController.m in Sources */ = {isa = PBXBuildFile; fileRef = AA5B80F9164D3D51003F0FF9 /* ViewController.m */; };
		AA5B8102164D3D51003F0FF9 /* SenTestingKit.framework in Frameworks */ = {isa = PBXBuildFile; fileRef = AA5B8101164D3D51003F0FF9 /* SenTestingKit.framework */; };
		AA5B8103164D3D51003F0FF9 /* UIKit.framework in Frameworks */ = {isa = PBXBuildFile; fileRef = AA5B80DD164D3D51003F0FF9 /* UIKit.framework */; };
		AA5B8104164D3D51003F0FF9 /* Foundation.framework in Frameworks */ = {isa = PBXBuildFile; fileRef = AA5B80DF164D3D51003F0FF9 /* Foundation.framework */; };
		AA5B810C164D3D51003F0FF9 /* InfoPlist.strings in Resources */ = {isa = PBXBuildFile; fileRef = AA5B810A164D3D51003F0FF9 /* InfoPlist.strings */; };
		AA5B810F164D3D51003F0FF9 /* splitviewnormaalTests.m in Sources */ = {isa = PBXBuildFile; fileRef = AA5B810E164D3D51003F0FF9 /* splitviewnormaalTests.m */; };
		AA5B8121164D413D003F0FF9 /* blue.png in Resources */ = {isa = PBXBuildFile; fileRef = AA5B8120164D413D003F0FF9 /* blue.png */; };
		AA5B8123164D4143003F0FF9 /* green.png in Resources */ = {isa = PBXBuildFile; fileRef = AA5B8122164D4143003F0FF9 /* green.png */; };
		AA5B8125164D4149003F0FF9 /* red.png in Resources */ = {isa = PBXBuildFile; fileRef = AA5B8124164D4149003F0FF9 /* red.png */; };
		AA5B8127164D414F003F0FF9 /* yellow.png in Resources */ = {isa = PBXBuildFile; fileRef = AA5B8126164D414F003F0FF9 /* yellow.png */; };
/* End PBXBuildFile section */

/* Begin PBXContainerItemProxy section */
		AA5B8105164D3D51003F0FF9 /* PBXContainerItemProxy */ = {
			isa = PBXContainerItemProxy;
			containerPortal = AA5B80D0164D3D51003F0FF9 /* Project object */;
			proxyType = 1;
			remoteGlobalIDString = AA5B80D8164D3D51003F0FF9;
			remoteInfo = splitviewnormaal;
		};
/* End PBXContainerItemProxy section */

/* Begin PBXFileReference section */
		AA5B80D9164D3D51003F0FF9 /* splitviewnormaal.app */ = {isa = PBXFileReference; explicitFileType = wrapper.application; includeInIndex = 0; path = splitviewnormaal.app; sourceTree = BUILT_PRODUCTS_DIR; };
		AA5B80DD164D3D51003F0FF9 /* UIKit.framework */ = {isa = PBXFileReference; lastKnownFileType = wrapper.framework; name = UIKit.framework; path = System/Library/Frameworks/UIKit.framework; sourceTree = SDKROOT; };
		AA5B80DF164D3D51003F0FF9 /* Foundation.framework */ = {isa = PBXFileReference; lastKnownFileType = wrapper.framework; name = Foundation.framework; path = System/Library/Frameworks/Foundation.framework; sourceTree = SDKROOT; };
		AA5B80E1164D3D51003F0FF9 /* CoreGraphics.framework */ = {isa = PBXFileReference; lastKnownFileType = wrapper.framework; name = CoreGraphics.framework; path = System/Library/Frameworks/CoreGraphics.framework; sourceTree = SDKROOT; };
		AA5B80E5164D3D51003F0FF9 /* splitviewnormaal-Info.plist */ = {isa = PBXFileReference; lastKnownFileType = text.plist.xml; path = "splitviewnormaal-Info.plist"; sourceTree = "<group>"; };
		AA5B80E7164D3D51003F0FF9 /* en */ = {isa = PBXFileReference; lastKnownFileType = text.plist.strings; name = en; path = en.lproj/InfoPlist.strings; sourceTree = "<group>"; };
		AA5B80E9164D3D51003F0FF9 /* main.m */ = {isa = PBXFileReference; lastKnownFileType = sourcecode.c.objc; path = main.m; sourceTree = "<group>"; };
		AA5B80EB164D3D51003F0FF9 /* splitviewnormaal-Prefix.pch */ = {isa = PBXFileReference; lastKnownFileType = sourcecode.c.h; path = "splitviewnormaal-Prefix.pch"; sourceTree = "<group>"; };
		AA5B80EC164D3D51003F0FF9 /* AppDelegate.h */ = {isa = PBXFileReference; lastKnownFileType = sourcecode.c.h; path = AppDelegate.h; sourceTree = "<group>"; };
		AA5B80ED164D3D51003F0FF9 /* AppDelegate.m */ = {isa = PBXFileReference; lastKnownFileType = sourcecode.c.objc; path = AppDelegate.m; sourceTree = "<group>"; };
		AA5B80EF164D3D51003F0FF9 /* Default.png */ = {isa = PBXFileReference; lastKnownFileType = image.png; path = Default.png; sourceTree = "<group>"; };
		AA5B80F1164D3D51003F0FF9 /* Default@2x.png */ = {isa = PBXFileReference; lastKnownFileType = image.png; path = "Default@2x.png"; sourceTree = "<group>"; };
		AA5B80F3164D3D51003F0FF9 /* Default-568h@2x.png */ = {isa = PBXFileReference; lastKnownFileType = image.png; path = "Default-568h@2x.png"; sourceTree = "<group>"; };
		AA5B80F6164D3D51003F0FF9 /* en */ = {isa = PBXFileReference; lastKnownFileType = file.storyboard; name = en; path = en.lproj/MainStoryboard.storyboard; sourceTree = "<group>"; };
		AA5B80F8164D3D51003F0FF9 /* ViewController.h */ = {isa = PBXFileReference; lastKnownFileType = sourcecode.c.h; path = ViewController.h; sourceTree = "<group>"; };
		AA5B80F9164D3D51003F0FF9 /* ViewController.m */ = {isa = PBXFileReference; lastKnownFileType = sourcecode.c.objc; path = ViewController.m; sourceTree = "<group>"; };
		AA5B8100164D3D51003F0FF9 /* splitviewnormaalTests.octest */ = {isa = PBXFileReference; explicitFileType = wrapper.cfbundle; includeInIndex = 0; path = splitviewnormaalTests.octest; sourceTree = BUILT_PRODUCTS_DIR; };
		AA5B8101164D3D51003F0FF9 /* SenTestingKit.framework */ = {isa = PBXFileReference; lastKnownFileType = wrapper.framework; name = SenTestingKit.framework; path = Library/Frameworks/SenTestingKit.framework; sourceTree = DEVELOPER_DIR; };
		AA5B8109164D3D51003F0FF9 /* splitviewnormaalTests-Info.plist */ = {isa = PBXFileReference; lastKnownFileType = text.plist.xml; path = "splitviewnormaalTests-Info.plist"; sourceTree = "<group>"; };
		AA5B810B164D3D51003F0FF9 /* en */ = {isa = PBXFileReference; lastKnownFileType = text.plist.strings; name = en; path = en.lproj/InfoPlist.strings; sourceTree = "<group>"; };
		AA5B810D164D3D51003F0FF9 /* splitviewnormaalTests.h */ = {isa = PBXFileReference; lastKnownFileType = sourcecode.c.h; path = splitviewnormaalTests.h; sourceTree = "<group>"; };
		AA5B810E164D3D51003F0FF9 /* splitviewnormaalTests.m */ = {isa = PBXFileReference; lastKnownFileType = sourcecode.c.objc; path = splitviewnormaalTests.m; sourceTree = "<group>"; };
		AA5B8120164D413D003F0FF9 /* blue.png */ = {isa = PBXFileReference; lastKnownFileType = image.png; name = blue.png; path = splitviewnormaal/blue.png; sourceTree = "<group>"; };
		AA5B8122164D4143003F0FF9 /* green.png */ = {isa = PBXFileReference; lastKnownFileType = image.png; name = green.png; path = splitviewnormaal/green.png; sourceTree = "<group>"; };
		AA5B8124164D4149003F0FF9 /* red.png */ = {isa = PBXFileReference; lastKnownFileType = image.png; name = red.png; path = splitviewnormaal/red.png; sourceTree = "<group>"; };
		AA5B8126164D414F003F0FF9 /* yellow.png */ = {isa = PBXFileReference; lastKnownFileType = image.png; name = yellow.png; path = splitviewnormaal/yellow.png; sourceTree = "<group>"; };
/* End PBXFileReference section */

/* Begin PBXFrameworksBuildPhase section */
		AA5B80D6164D3D51003F0FF9 /* Frameworks */ = {
			isa = PBXFrameworksBuildPhase;
			buildActionMask = 2147483647;
			files = (
				AA5B80DE164D3D51003F0FF9 /* UIKit.framework in Frameworks */,
				AA5B80E0164D3D51003F0FF9 /* Foundation.framework in Frameworks */,
				AA5B80E2164D3D51003F0FF9 /* CoreGraphics.framework in Frameworks */,
			);
			runOnlyForDeploymentPostprocessing = 0;
		};
		AA5B80FC164D3D51003F0FF9 /* Frameworks */ = {
			isa = PBXFrameworksBuildPhase;
			buildActionMask = 2147483647;
			files = (
				AA5B8102164D3D51003F0FF9 /* SenTestingKit.framework in Frameworks */,
				AA5B8103164D3D51003F0FF9 /* UIKit.framework in Frameworks */,
				AA5B8104164D3D51003F0FF9 /* Foundation.framework in Frameworks */,
			);
			runOnlyForDeploymentPostprocessing = 0;
		};
/* End PBXFrameworksBuildPhase section */

/* Begin PBXGroup section */
		AA5B80CE164D3D51003F0FF9 = {
			isa = PBXGroup;
			children = (
				AA5B8128164D41DF003F0FF9 /* img */,
				AA5B80E3164D3D51003F0FF9 /* splitviewnormaal */,
				AA5B8107164D3D51003F0FF9 /* splitviewnormaalTests */,
				AA5B80DC164D3D51003F0FF9 /* Frameworks */,
				AA5B80DA164D3D51003F0FF9 /* Products */,
			);
			sourceTree = "<group>";
		};
		AA5B80DA164D3D51003F0FF9 /* Products */ = {
			isa = PBXGroup;
			children = (
				AA5B80D9164D3D51003F0FF9 /* splitviewnormaal.app */,
				AA5B8100164D3D51003F0FF9 /* splitviewnormaalTests.octest */,
			);
			name = Products;
			sourceTree = "<group>";
		};
		AA5B80DC164D3D51003F0FF9 /* Frameworks */ = {
			isa = PBXGroup;
			children = (
				AA5B80DD164D3D51003F0FF9 /* UIKit.framework */,
				AA5B80DF164D3D51003F0FF9 /* Foundation.framework */,
				AA5B80E1164D3D51003F0FF9 /* CoreGraphics.framework */,
				AA5B8101164D3D51003F0FF9 /* SenTestingKit.framework */,
			);
			name = Frameworks;
			sourceTree = "<group>";
		};
		AA5B80E3164D3D51003F0FF9 /* splitviewnormaal */ = {
			isa = PBXGroup;
			children = (
				AA5B80EC164D3D51003F0FF9 /* AppDelegate.h */,
				AA5B80ED164D3D51003F0FF9 /* AppDelegate.m */,
				AA5B80F5164D3D51003F0FF9 /* MainStoryboard.storyboard */,
				AA5B80F8164D3D51003F0FF9 /* ViewController.h */,
				AA5B80F9164D3D51003F0FF9 /* ViewController.m */,
				AA5B80E4164D3D51003F0FF9 /* Supporting Files */,
			);
			path = splitviewnormaal;
			sourceTree = "<group>";
		};
		AA5B80E4164D3D51003F0FF9 /* Supporting Files */ = {
			isa = PBXGroup;
			children = (
				AA5B80E5164D3D51003F0FF9 /* splitviewnormaal-Info.plist */,
				AA5B80E6164D3D51003F0FF9 /* InfoPlist.strings */,
				AA5B80E9164D3D51003F0FF9 /* main.m */,
				AA5B80EB164D3D51003F0FF9 /* splitviewnormaal-Prefix.pch */,
				AA5B80EF164D3D51003F0FF9 /* Default.png */,
				AA5B80F1164D3D51003F0FF9 /* Default@2x.png */,
				AA5B80F3164D3D51003F0FF9 /* Default-568h@2x.png */,
			);
			name = "Supporting Files";
			sourceTree = "<group>";
		};
		AA5B8107164D3D51003F0FF9 /* splitviewnormaalTests */ = {
			isa = PBXGroup;
			children = (
				AA5B810D164D3D51003F0FF9 /* splitviewnormaalTests.h */,
				AA5B810E164D3D51003F0FF9 /* splitviewnormaalTests.m */,
				AA5B8108164D3D51003F0FF9 /* Supporting Files */,
			);
			path = splitviewnormaalTests;
			sourceTree = "<group>";
		};
		AA5B8108164D3D51003F0FF9 /* Supporting Files */ = {
			isa = PBXGroup;
			children = (
				AA5B8109164D3D51003F0FF9 /* splitviewnormaalTests-Info.plist */,
				AA5B810A164D3D51003F0FF9 /* InfoPlist.strings */,
			);
			name = "Supporting Files";
			sourceTree = "<group>";
		};
		AA5B8128164D41DF003F0FF9 /* img */ = {
			isa = PBXGroup;
			children = (
				AA5B8126164D414F003F0FF9 /* yellow.png */,
				AA5B8124164D4149003F0FF9 /* red.png */,
				AA5B8122164D4143003F0FF9 /* green.png */,
				AA5B8120164D413D003F0FF9 /* blue.png */,
			);
			name = img;
			sourceTree = "<group>";
		};
/* End PBXGroup section */

/* Begin PBXNativeTarget section */
		AA5B80D8164D3D51003F0FF9 /* splitviewnormaal */ = {
			isa = PBXNativeTarget;
			buildConfigurationList = AA5B8112164D3D51003F0FF9 /* Build configuration list for PBXNativeTarget "splitviewnormaal" */;
			buildPhases = (
				AA5B80D5164D3D51003F0FF9 /* Sources */,
				AA5B80D6164D3D51003F0FF9 /* Frameworks */,
				AA5B80D7164D3D51003F0FF9 /* Resources */,
			);
			buildRules = (
			);
			dependencies = (
			);
			name = splitviewnormaal;
			productName = splitviewnormaal;
			productReference = AA5B80D9164D3D51003F0FF9 /* splitviewnormaal.app */;
			productType = "com.apple.product-type.application";
		};
		AA5B80FF164D3D51003F0FF9 /* splitviewnormaalTests */ = {
			isa = PBXNativeTarget;
			buildConfigurationList = AA5B8115164D3D51003F0FF9 /* Build configuration list for PBXNativeTarget "splitviewnormaalTests" */;
			buildPhases = (
				AA5B80FB164D3D51003F0FF9 /* Sources */,
				AA5B80FC164D3D51003F0FF9 /* Frameworks */,
				AA5B80FD164D3D51003F0FF9 /* Resources */,
				AA5B80FE164D3D51003F0FF9 /* ShellScript */,
			);
			buildRules = (
			);
			dependencies = (
				AA5B8106164D3D51003F0FF9 /* PBXTargetDependency */,
			);
			name = splitviewnormaalTests;
			productName = splitviewnormaalTests;
			productReference = AA5B8100164D3D51003F0FF9 /* splitviewnormaalTests.octest */;
			productType = "com.apple.product-type.bundle";
		};
/* End PBXNativeTarget section */

/* Begin PBXProject section */
		AA5B80D0164D3D51003F0FF9 /* Project object */ = {
			isa = PBXProject;
			attributes = {
				LastUpgradeCheck = 0450;
				ORGANIZATIONNAME = wlmligte;
			};
			buildConfigurationList = AA5B80D3164D3D51003F0FF9 /* Build configuration list for PBXProject "splitviewnormaal" */;
			compatibilityVersion = "Xcode 3.2";
			developmentRegion = English;
			hasScannedForEncodings = 0;
			knownRegions = (
				en,
			);
			mainGroup = AA5B80CE164D3D51003F0FF9;
			productRefGroup = AA5B80DA164D3D51003F0FF9 /* Products */;
			projectDirPath = "";
			projectRoot = "";
			targets = (
				AA5B80D8164D3D51003F0FF9 /* splitviewnormaal */,
				AA5B80FF164D3D51003F0FF9 /* splitviewnormaalTests */,
			);
		};
/* End PBXProject section */

/* Begin PBXResourcesBuildPhase section */
		AA5B80D7164D3D51003F0FF9 /* Resources */ = {
			isa = PBXResourcesBuildPhase;
			buildActionMask = 2147483647;
			files = (
				AA5B80E8164D3D51003F0FF9 /* InfoPlist.strings in Resources */,
				AA5B80F0164D3D51003F0FF9 /* Default.png in Resources */,
				AA5B80F2164D3D51003F0FF9 /* Default@2x.png in Resources */,
				AA5B80F4164D3D51003F0FF9 /* Default-568h@2x.png in Resources */,
				AA5B80F7164D3D51003F0FF9 /* MainStoryboard.storyboard in Resources */,
				AA5B8121164D413D003F0FF9 /* blue.png in Resources */,
				AA5B8123164D4143003F0FF9 /* green.png in Resources */,
				AA5B8125164D4149003F0FF9 /* red.png in Resources */,
				AA5B8127164D414F003F0FF9 /* yellow.png in Resources */,
			);
			runOnlyForDeploymentPostprocessing = 0;
		};
		AA5B80FD164D3D51003F0FF9 /* Resources */ = {
			isa = PBXResourcesBuildPhase;
			buildActionMask = 2147483647;
			files = (
				AA5B810C164D3D51003F0FF9 /* InfoPlist.strings in Resources */,
			);
			runOnlyForDeploymentPostprocessing = 0;
		};
/* End PBXResourcesBuildPhase section */

/* Begin PBXShellScriptBuildPhase section */
		AA5B80FE164D3D51003F0FF9 /* ShellScript */ = {
			isa = PBXShellScriptBuildPhase;
			buildActionMask = 2147483647;
			files = (
			);
			inputPaths = (
			);
			outputPaths = (
			);
			runOnlyForDeploymentPostprocessing = 0;
			shellPath = /bin/sh;
			shellScript = "# Run the unit tests in this test bundle.\n\"${SYSTEM_DEVELOPER_DIR}/Tools/RunUnitTests\"\n";
		};
/* End PBXShellScriptBuildPhase section */

/* Begin PBXSourcesBuildPhase section */
		AA5B80D5164D3D51003F0FF9 /* Sources */ = {
			isa = PBXSourcesBuildPhase;
			buildActionMask = 2147483647;
			files = (
				AA5B80EA164D3D51003F0FF9 /* main.m in Sources */,
				AA5B80EE164D3D51003F0FF9 /* AppDelegate.m in Sources */,
				AA5B80FA164D3D51003F0FF9 /* ViewController.m in Sources */,
			);
			runOnlyForDeploymentPostprocessing = 0;
		};
		AA5B80FB164D3D51003F0FF9 /* Sources */ = {
			isa = PBXSourcesBuildPhase;
			buildActionMask = 2147483647;
			files = (
				AA5B810F164D3D51003F0FF9 /* splitviewnormaalTests.m in Sources */,
			);
			runOnlyForDeploymentPostprocessing = 0;
		};
/* End PBXSourcesBuildPhase section */

/* Begin PBXTargetDependency section */
		AA5B8106164D3D51003F0FF9 /* PBXTargetDependency */ = {
			isa = PBXTargetDependency;
			target = AA5B80D8164D3D51003F0FF9 /* splitviewnormaal */;
			targetProxy = AA5B8105164D3D51003F0FF9 /* PBXContainerItemProxy */;
		};
/* End PBXTargetDependency section */

/* Begin PBXVariantGroup section */
		AA5B80E6164D3D51003F0FF9 /* InfoPlist.strings */ = {
			isa = PBXVariantGroup;
			children = (
				AA5B80E7164D3D51003F0FF9 /* en */,
			);
			name = InfoPlist.strings;
			sourceTree = "<group>";
		};
		AA5B80F5164D3D51003F0FF9 /* MainStoryboard.storyboard */ = {
			isa = PBXVariantGroup;
			children = (
				AA5B80F6164D3D51003F0FF9 /* en */,
			);
			name = MainStoryboard.storyboard;
			sourceTree = "<group>";
		};
		AA5B810A164D3D51003F0FF9 /* InfoPlist.strings */ = {
			isa = PBXVariantGroup;
			children = (
				AA5B810B164D3D51003F0FF9 /* en */,
			);
			name = InfoPlist.strings;
			sourceTree = "<group>";
		};
/* End PBXVariantGroup section */

/* Begin XCBuildConfiguration section */
		AA5B8110164D3D51003F0FF9 /* Debug */ = {
			isa = XCBuildConfiguration;
			buildSettings = {
				ALWAYS_SEARCH_USER_PATHS = NO;
				CLANG_CXX_LANGUAGE_STANDARD = "gnu++0x";
				CLANG_CXX_LIBRARY = "libc++";
				CLANG_ENABLE_OBJC_ARC = YES;
				CLANG_WARN_EMPTY_BODY = YES;
				CLANG_WARN__DUPLICATE_METHOD_MATCH = YES;
				"CODE_SIGN_IDENTITY[sdk=iphoneos*]" = "iPhone Developer";
				COPY_PHASE_STRIP = NO;
				GCC_C_LANGUAGE_STANDARD = gnu99;
				GCC_DYNAMIC_NO_PIC = NO;
				GCC_OPTIMIZATION_LEVEL = 0;
				GCC_PREPROCESSOR_DEFINITIONS = (
					"DEBUG=1",
					"$(inherited)",
				);
				GCC_SYMBOLS_PRIVATE_EXTERN = NO;
				GCC_WARN_ABOUT_RETURN_TYPE = YES;
				GCC_WARN_UNINITIALIZED_AUTOS = YES;
				GCC_WARN_UNUSED_VARIABLE = YES;
				IPHONEOS_DEPLOYMENT_TARGET = 6.0;
				SDKROOT = iphoneos;
				TARGETED_DEVICE_FAMILY = 2;
			};
			name = Debug;
		};
		AA5B8111164D3D51003F0FF9 /* Release */ = {
			isa = XCBuildConfiguration;
			buildSettings = {
				ALWAYS_SEARCH_USER_PATHS = NO;
				CLANG_CXX_LANGUAGE_STANDARD = "gnu++0x";
				CLANG_CXX_LIBRARY = "libc++";
				CLANG_ENABLE_OBJC_ARC = YES;
				CLANG_WARN_EMPTY_BODY = YES;
				CLANG_WARN__DUPLICATE_METHOD_MATCH = YES;
				"CODE_SIGN_IDENTITY[sdk=iphoneos*]" = "iPhone Developer";
				COPY_PHASE_STRIP = YES;
				GCC_C_LANGUAGE_STANDARD = gnu99;
				GCC_WARN_ABOUT_RETURN_TYPE = YES;
				GCC_WARN_UNINITIALIZED_AUTOS = YES;
				GCC_WARN_UNUSED_VARIABLE = YES;
				IPHONEOS_DEPLOYMENT_TARGET = 6.0;
				OTHER_CFLAGS = "-DNS_BLOCK_ASSERTIONS=1";
				SDKROOT = iphoneos;
				TARGETED_DEVICE_FAMILY = 2;
				VALIDATE_PRODUCT = YES;
			};
			name = Release;
		};
		AA5B8113164D3D51003F0FF9 /* Debug */ = {
			isa = XCBuildConfiguration;
			buildSettings = {
				GCC_PRECOMPILE_PREFIX_HEADER = YES;
				GCC_PREFIX_HEADER = "splitviewnormaal/splitviewnormaal-Prefix.pch";
				INFOPLIST_FILE = "splitviewnormaal/splitviewnormaal-Info.plist";
				PRODUCT_NAME = "$(TARGET_NAME)";
				WRAPPER_EXTENSION = app;
			};
			name = Debug;
		};
		AA5B8114164D3D51003F0FF9 /* Release */ = {
			isa = XCBuildConfiguration;
			buildSettings = {
				GCC_PRECOMPILE_PREFIX_HEADER = YES;
				GCC_PREFIX_HEADER = "splitviewnormaal/splitviewnormaal-Prefix.pch";
				INFOPLIST_FILE = "splitviewnormaal/splitviewnormaal-Info.plist";
				PRODUCT_NAME = "$(TARGET_NAME)";
				WRAPPER_EXTENSION = app;
			};
			name = Release;
		};
		AA5B8116164D3D51003F0FF9 /* Debug */ = {
			isa = XCBuildConfiguration;
			buildSettings = {
				BUNDLE_LOADER = "$(BUILT_PRODUCTS_DIR)/splitviewnormaal.app/splitviewnormaal";
				FRAMEWORK_SEARCH_PATHS = (
					"\"$(SDKROOT)/Developer/Library/Frameworks\"",
					"\"$(DEVELOPER_LIBRARY_DIR)/Frameworks\"",
				);
				GCC_PRECOMPILE_PREFIX_HEADER = YES;
				GCC_PREFIX_HEADER = "splitviewnormaal/splitviewnormaal-Prefix.pch";
				INFOPLIST_FILE = "splitviewnormaalTests/splitviewnormaalTests-Info.plist";
				PRODUCT_NAME = "$(TARGET_NAME)";
				TEST_HOST = "$(BUNDLE_LOADER)";
				WRAPPER_EXTENSION = octest;
			};
			name = Debug;
		};
		AA5B8117164D3D51003F0FF9 /* Release */ = {
			isa = XCBuildConfiguration;
			buildSettings = {
				BUNDLE_LOADER = "$(BUILT_PRODUCTS_DIR)/splitviewnormaal.app/splitviewnormaal";
				FRAMEWORK_SEARCH_PATHS = (
					"\"$(SDKROOT)/Developer/Library/Frameworks\"",
					"\"$(DEVELOPER_LIBRARY_DIR)/Frameworks\"",
				);
				GCC_PRECOMPILE_PREFIX_HEADER = YES;
				GCC_PREFIX_HEADER = "splitviewnormaal/splitviewnormaal-Prefix.pch";
				INFOPLIST_FILE = "splitviewnormaalTests/splitviewnormaalTests-Info.plist";
				PRODUCT_NAME = "$(TARGET_NAME)";
				TEST_HOST = "$(BUNDLE_LOADER)";
				WRAPPER_EXTENSION = octest;
			};
			name = Release;
		};
/* End XCBuildConfiguration section */

/* Begin XCConfigurationList section */
		AA5B80D3164D3D51003F0FF9 /* Build configuration list for PBXProject "splitviewnormaal" */ = {
			isa = XCConfigurationList;
			buildConfigurations = (
				AA5B8110164D3D51003F0FF9 /* Debug */,
				AA5B8111164D3D51003F0FF9 /* Release */,
			);
			defaultConfigurationIsVisible = 0;
			defaultConfigurationName = Release;
		};
		AA5B8112164D3D51003F0FF9 /* Build configuration list for PBXNativeTarget "splitviewnormaal" */ = {
			isa = XCConfigurationList;
			buildConfigurations = (
				AA5B8113164D3D51003F0FF9 /* Debug */,
				AA5B8114164D3D51003F0FF9 /* Release */,
			);
			defaultConfigurationIsVisible = 0;
		};
		AA5B8115164D3D51003F0FF9 /* Build configuration list for PBXNativeTarget "splitviewnormaalTests" */ = {
			isa = XCConfigurationList;
			buildConfigurations = (
				AA5B8116164D3D51003F0FF9 /* Debug */,
				AA5B8117164D3D51003F0FF9 /* Release */,
			);
			defaultConfigurationIsVisible = 0;
		};
/* End XCConfigurationList section */
	};
	rootObject = AA5B80D0164D3D51003F0FF9 /* Project object */;
}
